
Microsoft Visual Studio Solution File, Format Version 12.00
# Visual Studio Version 17
VisualStudioVersion = 17.1.32319.34
MinimumVisualStudioVersion = 10.0.40219.1
Project("{FAE04EC0-301F-11D3-BF4B-00C04F79EFBC}") = "WaterTransportAPI", "WaterTransportAPI.csproj", "{5EA581A5-95BA-4A7C-AA85-D8DE98343139}"
EndProject
Global
	GlobalSection(SolutionConfigurationPlatforms) = preSolution
		Debug|Any CPU = Debug|Any CPU
		Release|Any CPU = Release|Any CPU
	EndGlobalSection
	GlobalSection(ProjectConfigurationPlatforms) = postSolution
		{5EA581A5-95BA-4A7C-AA85-D8DE98343139}.Debug|Any CPU.ActiveCfg = Debug|Any CPU
		{5EA581A5-95BA-4A7C-AA85-D8DE98343139}.Debug|Any CPU.Build.0 = Debug|Any CPU
		{5EA581A5-95BA-4A7C-AA85-D8DE98343139}.Release|Any CPU.ActiveCfg = Release|Any CPU
		{5EA581A5-95BA-4A7C-AA85-D8DE98343139}.Release|Any CPU.Build.0 = Release|Any CPU
	EndGlobalSection
	GlobalSection(SolutionProperties) = preSolution
		HideSolutionNode = FALSE
	EndGlobalSection
	GlobalSection(ExtensibilityGlobals) = postSolution
		SolutionGuid = {AE9A617E-5A97-4445-BACC-1132307762BE}
	EndGlobalSection
EndGlobal
